
Microsoft Visual Studio Solution File, Format Version 12.00
# Visual Studio 14
VisualStudioVersion = 14.0.25420.1
MinimumVisualStudioVersion = 10.0.40219.1
Project("{FAE04EC0-301F-11D3-BF4B-00C04F79EFBC}") = "SolidDesignPrinciples", "DesignPatternsTut\SolidDesignPrinciples.csproj", "{DAC51B75-BC51-4786-BFB5-ED63E47DC62C}"
EndProject
Project("{FAE04EC0-301F-11D3-BF4B-00C04F79EFBC}") = "CreationalDesignPatterns", "DesignPatterns\CreationalDesignPatterns.csproj", "{FA2B4616-03F5-4A24-8745-D50430297190}"
EndProject
Project("{FAE04EC0-301F-11D3-BF4B-00C04F79EFBC}") = "StructuralDesignPatterns", "StructuralDesignPatterns\StructuralDesignPatterns.csproj", "{BF85F9A4-EA2A-4960-95E0-FD70D0EB1F21}"
EndProject
Global
	GlobalSection(SolutionConfigurationPlatforms) = preSolution
		Debug|Any CPU = Debug|Any CPU
		Release|Any CPU = Release|Any CPU
	EndGlobalSection
	GlobalSection(ProjectConfigurationPlatforms) = postSolution
		{DAC51B75-BC51-4786-BFB5-ED63E47DC62C}.Debug|Any CPU.ActiveCfg = Debug|Any CPU
		{DAC51B75-BC51-4786-BFB5-ED63E47DC62C}.Debug|Any CPU.Build.0 = Debug|Any CPU
		{DAC51B75-BC51-4786-BFB5-ED63E47DC62C}.Release|Any CPU.ActiveCfg = Release|Any CPU
		{DAC51B75-BC51-4786-BFB5-ED63E47DC62C}.Release|Any CPU.Build.0 = Release|Any CPU
		{FA2B4616-03F5-4A24-8745-D50430297190}.Debug|Any CPU.ActiveCfg = Debug|Any CPU
		{FA2B4616-03F5-4A24-8745-D50430297190}.Debug|Any CPU.Build.0 = Debug|Any CPU
		{FA2B4616-03F5-4A24-8745-D50430297190}.Release|Any CPU.ActiveCfg = Release|Any CPU
		{FA2B4616-03F5-4A24-8745-D50430297190}.Release|Any CPU.Build.0 = Release|Any CPU
		{BF85F9A4-EA2A-4960-95E0-FD70D0EB1F21}.Debug|Any CPU.ActiveCfg = Debug|Any CPU
		{BF85F9A4-EA2A-4960-95E0-FD70D0EB1F21}.Debug|Any CPU.Build.0 = Debug|Any CPU
		{BF85F9A4-EA2A-4960-95E0-FD70D0EB1F21}.Release|Any CPU.ActiveCfg = Release|Any CPU
		{BF85F9A4-EA2A-4960-95E0-FD70D0EB1F21}.Release|Any CPU.Build.0 = Release|Any CPU
	EndGlobalSection
	GlobalSection(SolutionProperties) = preSolution
		HideSolutionNode = FALSE
	EndGlobalSection
EndGlobal
